
Microsoft Visual Studio Solution File, Format Version 12.00
# Visual Studio 15
VisualStudioVersion = 15.0.34112.143
MinimumVisualStudioVersion = 10.0.40219.1
Project("{FAE04EC0-301F-11D3-BF4B-00C04F79EFBC}") = "preliquidacion", "preliquidacion\preliquidacion.csproj", "{D78CD2C0-4302-4705-82F8-98EC54D3BD17}"
EndProject
Project("{FAE04EC0-301F-11D3-BF4B-00C04F79EFBC}") = "preliquidacion.Data", "preliquidacion\preliquidacion.Data\preliquidacion.Data.csproj", "{BFABD7E0-49C4-404C-A2B7-EB5AAA368672}"
EndProject
Global
	GlobalSection(SolutionConfigurationPlatforms) = preSolution
		Debug|Any CPU = Debug|Any CPU
		Release|Any CPU = Release|Any CPU
	EndGlobalSection
	GlobalSection(ProjectConfigurationPlatforms) = postSolution
		{D78CD2C0-4302-4705-82F8-98EC54D3BD17}.Debug|Any CPU.ActiveCfg = Debug|Any CPU
		{D78CD2C0-4302-4705-82F8-98EC54D3BD17}.Debug|Any CPU.Build.0 = Debug|Any CPU
		{D78CD2C0-4302-4705-82F8-98EC54D3BD17}.Release|Any CPU.ActiveCfg = Release|Any CPU
		{D78CD2C0-4302-4705-82F8-98EC54D3BD17}.Release|Any CPU.Build.0 = Release|Any CPU
		{BFABD7E0-49C4-404C-A2B7-EB5AAA368672}.Debug|Any CPU.ActiveCfg = Debug|Any CPU
		{BFABD7E0-49C4-404C-A2B7-EB5AAA368672}.Debug|Any CPU.Build.0 = Debug|Any CPU
		{BFABD7E0-49C4-404C-A2B7-EB5AAA368672}.Release|Any CPU.ActiveCfg = Release|Any CPU
		{BFABD7E0-49C4-404C-A2B7-EB5AAA368672}.Release|Any CPU.Build.0 = Release|Any CPU
	EndGlobalSection
	GlobalSection(SolutionProperties) = preSolution
		HideSolutionNode = FALSE
	EndGlobalSection
	GlobalSection(ExtensibilityGlobals) = postSolution
		SolutionGuid = {87A68922-01BB-4CC8-A30E-C403380B07D0}
	EndGlobalSection
EndGlobal
